// !$*UTF8*$!
{
	archiveVersion = 1;
	classes = {
	};
	objectVersion = 56;
	objects = {

/* Begin PBXBuildFile section */
		670515962C2ADD9C0075E73F /* SettingsBlocks.swift in Sources */ = {isa = PBXBuildFile; fileRef = 670515952C2ADD9C0075E73F /* SettingsBlocks.swift */; };
		6705159A2C2AE3AE0075E73F /* SwitchComponent.swift in Sources */ = {isa = PBXBuildFile; fileRef = 670515992C2AE3AE0075E73F /* SwitchComponent.swift */; };
		6705159C2C2AE5130075E73F /* TransactionListItem.swift in Sources */ = {isa = PBXBuildFile; fileRef = 6705159B2C2AE5130075E73F /* TransactionListItem.swift */; };
		671A2B1C2C2C7B9A0054BF88 /* ExpenseContainer.swift in Sources */ = {isa = PBXBuildFile; fileRef = 671A2B1B2C2C7B9A0054BF88 /* ExpenseContainer.swift */; };
		671CCF5D2C2F260F0045824D /* FloatingButton.swift in Sources */ = {isa = PBXBuildFile; fileRef = 671CCF5C2C2F260F0045824D /* FloatingButton.swift */; };
		671CCF612C2F2DDA0045824D /* CategoryModels.swift in Sources */ = {isa = PBXBuildFile; fileRef = 671CCF602C2F2DDA0045824D /* CategoryModels.swift */; };
		671CCF632C2F2F890045824D /* CategoryViewModel.swift in Sources */ = {isa = PBXBuildFile; fileRef = 671CCF622C2F2F890045824D /* CategoryViewModel.swift */; };
		673D59EE2C2E9F7500E086CD /* CategoriesListItems.swift in Sources */ = {isa = PBXBuildFile; fileRef = 673D59ED2C2E9F7500E086CD /* CategoriesListItems.swift */; };
		674E10CF2C2C4F7B00ECE8A5 /* ListComponent.swift in Sources */ = {isa = PBXBuildFile; fileRef = 674E10CE2C2C4F7B00ECE8A5 /* ListComponent.swift */; };
		674E10D12C2C569700ECE8A5 /* CustomBarMark.swift in Sources */ = {isa = PBXBuildFile; fileRef = 674E10D02C2C569700ECE8A5 /* CustomBarMark.swift */; };
		67787E532C2D458C009914AA /* BarChartView.swift in Sources */ = {isa = PBXBuildFile; fileRef = 67787E522C2D458C009914AA /* BarChartView.swift */; };
		67787E552C2D46D3009914AA /* DonutChart.swift in Sources */ = {isa = PBXBuildFile; fileRef = 67787E542C2D46D3009914AA /* DonutChart.swift */; };
		67787E572C2D4910009914AA /* DonutChartContainer.swift in Sources */ = {isa = PBXBuildFile; fileRef = 67787E562C2D4910009914AA /* DonutChartContainer.swift */; };
		67787E5B2C2D4EF2009914AA /* SwitchButtons.swift in Sources */ = {isa = PBXBuildFile; fileRef = 67787E5A2C2D4EF2009914AA /* SwitchButtons.swift */; };
		67787E5D2C2D557F009914AA /* CategoriesModel.swift in Sources */ = {isa = PBXBuildFile; fileRef = 67787E5C2C2D557F009914AA /* CategoriesModel.swift */; };
		67787E5F2C2D5841009914AA /* CateogoriesViewModel.swift in Sources */ = {isa = PBXBuildFile; fileRef = 67787E5E2C2D5841009914AA /* CateogoriesViewModel.swift */; };
		67787E612C2D6F8C009914AA /* HeadCategoriesContainer.swift in Sources */ = {isa = PBXBuildFile; fileRef = 67787E602C2D6F8C009914AA /* HeadCategoriesContainer.swift */; };
		67787E632C2D6FDC009914AA /* AllCategoriesContainer.swift in Sources */ = {isa = PBXBuildFile; fileRef = 67787E622C2D6FDC009914AA /* AllCategoriesContainer.swift */; };
		678729C42C346690002E93D0 /* NewTransaction.swift in Sources */ = {isa = PBXBuildFile; fileRef = 678729C32C346690002E93D0 /* NewTransaction.swift */; };
		67969FBF2B91F4FC00220D97 /* ExpenseTrackerApp.swift in Sources */ = {isa = PBXBuildFile; fileRef = 67969FBE2B91F4FC00220D97 /* ExpenseTrackerApp.swift */; };
		67969FC12B91F4FC00220D97 /* ContentView.swift in Sources */ = {isa = PBXBuildFile; fileRef = 67969FC02B91F4FC00220D97 /* ContentView.swift */; };
		67969FC32B91F4FF00220D97 /* Assets.xcassets in Resources */ = {isa = PBXBuildFile; fileRef = 67969FC22B91F4FF00220D97 /* Assets.xcassets */; };
		67969FC62B91F4FF00220D97 /* Preview Assets.xcassets in Resources */ = {isa = PBXBuildFile; fileRef = 67969FC52B91F4FF00220D97 /* Preview Assets.xcassets */; };
		67D112112BAD97F400E5CC5C /* Color.swift in Sources */ = {isa = PBXBuildFile; fileRef = 67D112102BAD97F400E5CC5C /* Color.swift */; };
		67D112142BAD999700E5CC5C /* TextWithLabel.swift in Sources */ = {isa = PBXBuildFile; fileRef = 67D112132BAD999700E5CC5C /* TextWithLabel.swift */; };
		67D1121A2BAD9EF300E5CC5C /* Overview.swift in Sources */ = {isa = PBXBuildFile; fileRef = 67D112192BAD9EF300E5CC5C /* Overview.swift */; };
		67D1121C2BADA11A00E5CC5C /* MonthSelector.swift in Sources */ = {isa = PBXBuildFile; fileRef = 67D1121B2BADA11A00E5CC5C /* MonthSelector.swift */; };
		67D1121E2BADA20800E5CC5C /* ExpenseHistory.swift in Sources */ = {isa = PBXBuildFile; fileRef = 67D1121D2BADA20800E5CC5C /* ExpenseHistory.swift */; };
		67D112202BADA46100E5CC5C /* ExpenseListItems.swift in Sources */ = {isa = PBXBuildFile; fileRef = 67D1121F2BADA46100E5CC5C /* ExpenseListItems.swift */; };
		67D1E9722BBFF01F0050768F /* SettingsModalContents.swift in Sources */ = {isa = PBXBuildFile; fileRef = 67D1E9712BBFF01F0050768F /* SettingsModalContents.swift */; };
		67D1E9742BC00A950050768F /* SpendingListItems.swift in Sources */ = {isa = PBXBuildFile; fileRef = 67D1E9732BC00A950050768F /* SpendingListItems.swift */; };
		67D8FE7C2B9712D700784F2E /* Inject in Frameworks */ = {isa = PBXBuildFile; productRef = 67D8FE7B2B9712D700784F2E /* Inject */; };
		67D8FE7E2B97145300784F2E /* Inject in Frameworks */ = {isa = PBXBuildFile; productRef = 67D8FE7D2B97145300784F2E /* Inject */; };
		67E0366A2BB41FD500D5574B /* Item.swift in Sources */ = {isa = PBXBuildFile; fileRef = 67E036692BB41FD500D5574B /* Item.swift */; };
		67E0366C2BB4202500D5574B /* ItemListViewModel.swift in Sources */ = {isa = PBXBuildFile; fileRef = 67E0366B2BB4202500D5574B /* ItemListViewModel.swift */; };
		67ECE2302BCFFCC30018D93D /* OptionsContainer.swift in Sources */ = {isa = PBXBuildFile; fileRef = 67ECE22F2BCFFCC30018D93D /* OptionsContainer.swift */; };
/* End PBXBuildFile section */

/* Begin PBXFileReference section */
		670515952C2ADD9C0075E73F /* SettingsBlocks.swift */ = {isa = PBXFileReference; lastKnownFileType = sourcecode.swift; path = SettingsBlocks.swift; sourceTree = "<group>"; };
		670515992C2AE3AE0075E73F /* SwitchComponent.swift */ = {isa = PBXFileReference; lastKnownFileType = sourcecode.swift; path = SwitchComponent.swift; sourceTree = "<group>"; };
		6705159B2C2AE5130075E73F /* TransactionListItem.swift */ = {isa = PBXFileReference; lastKnownFileType = sourcecode.swift; path = TransactionListItem.swift; sourceTree = "<group>"; };
		671A2B1B2C2C7B9A0054BF88 /* ExpenseContainer.swift */ = {isa = PBXFileReference; lastKnownFileType = sourcecode.swift; path = ExpenseContainer.swift; sourceTree = "<group>"; };
		671CCF5C2C2F260F0045824D /* FloatingButton.swift */ = {isa = PBXFileReference; lastKnownFileType = sourcecode.swift; path = FloatingButton.swift; sourceTree = "<group>"; };
		671CCF602C2F2DDA0045824D /* CategoryModels.swift */ = {isa = PBXFileReference; lastKnownFileType = sourcecode.swift; path = CategoryModels.swift; sourceTree = "<group>"; };
		671CCF622C2F2F890045824D /* CategoryViewModel.swift */ = {isa = PBXFileReference; lastKnownFileType = sourcecode.swift; path = CategoryViewModel.swift; sourceTree = "<group>"; };
		673D59ED2C2E9F7500E086CD /* CategoriesListItems.swift */ = {isa = PBXFileReference; lastKnownFileType = sourcecode.swift; path = CategoriesListItems.swift; sourceTree = "<group>"; };
		674E10CE2C2C4F7B00ECE8A5 /* ListComponent.swift */ = {isa = PBXFileReference; lastKnownFileType = sourcecode.swift; path = ListComponent.swift; sourceTree = "<group>"; };
		674E10D02C2C569700ECE8A5 /* CustomBarMark.swift */ = {isa = PBXFileReference; lastKnownFileType = sourcecode.swift; path = CustomBarMark.swift; sourceTree = "<group>"; };
		67787E522C2D458C009914AA /* BarChartView.swift */ = {isa = PBXFileReference; lastKnownFileType = sourcecode.swift; path = BarChartView.swift; sourceTree = "<group>"; };
		67787E542C2D46D3009914AA /* DonutChart.swift */ = {isa = PBXFileReference; lastKnownFileType = sourcecode.swift; path = DonutChart.swift; sourceTree = "<group>"; };
		67787E562C2D4910009914AA /* DonutChartContainer.swift */ = {isa = PBXFileReference; lastKnownFileType = sourcecode.swift; path = DonutChartContainer.swift; sourceTree = "<group>"; };
		67787E5A2C2D4EF2009914AA /* SwitchButtons.swift */ = {isa = PBXFileReference; lastKnownFileType = sourcecode.swift; path = SwitchButtons.swift; sourceTree = "<group>"; };
		67787E5C2C2D557F009914AA /* CategoriesModel.swift */ = {isa = PBXFileReference; lastKnownFileType = sourcecode.swift; path = CategoriesModel.swift; sourceTree = "<group>"; };
		67787E5E2C2D5841009914AA /* CateogoriesViewModel.swift */ = {isa = PBXFileReference; lastKnownFileType = sourcecode.swift; path = CateogoriesViewModel.swift; sourceTree = "<group>"; };
		67787E602C2D6F8C009914AA /* HeadCategoriesContainer.swift */ = {isa = PBXFileReference; lastKnownFileType = sourcecode.swift; path = HeadCategoriesContainer.swift; sourceTree = "<group>"; };
		67787E622C2D6FDC009914AA /* AllCategoriesContainer.swift */ = {isa = PBXFileReference; lastKnownFileType = sourcecode.swift; path = AllCategoriesContainer.swift; sourceTree = "<group>"; };
		678729C32C346690002E93D0 /* NewTransaction.swift */ = {isa = PBXFileReference; lastKnownFileType = sourcecode.swift; path = NewTransaction.swift; sourceTree = "<group>"; };
		67969FBB2B91F4FC00220D97 /* ExpenseTracker.app */ = {isa = PBXFileReference; explicitFileType = wrapper.application; includeInIndex = 0; path = ExpenseTracker.app; sourceTree = BUILT_PRODUCTS_DIR; };
		67969FBE2B91F4FC00220D97 /* ExpenseTrackerApp.swift */ = {isa = PBXFileReference; lastKnownFileType = sourcecode.swift; path = ExpenseTrackerApp.swift; sourceTree = "<group>"; };
		67969FC02B91F4FC00220D97 /* ContentView.swift */ = {isa = PBXFileReference; lastKnownFileType = sourcecode.swift; path = ContentView.swift; sourceTree = "<group>"; };
		67969FC22B91F4FF00220D97 /* Assets.xcassets */ = {isa = PBXFileReference; lastKnownFileType = folder.assetcatalog; path = Assets.xcassets; sourceTree = "<group>"; };
		67969FC52B91F4FF00220D97 /* Preview Assets.xcassets */ = {isa = PBXFileReference; lastKnownFileType = folder.assetcatalog; path = "Preview Assets.xcassets"; sourceTree = "<group>"; };
		67D112102BAD97F400E5CC5C /* Color.swift */ = {isa = PBXFileReference; lastKnownFileType = sourcecode.swift; path = Color.swift; sourceTree = "<group>"; };
		67D112132BAD999700E5CC5C /* TextWithLabel.swift */ = {isa = PBXFileReference; lastKnownFileType = sourcecode.swift; path = TextWithLabel.swift; sourceTree = "<group>"; };
		67D112192BAD9EF300E5CC5C /* Overview.swift */ = {isa = PBXFileReference; lastKnownFileType = sourcecode.swift; path = Overview.swift; sourceTree = "<group>"; };
		67D1121B2BADA11A00E5CC5C /* MonthSelector.swift */ = {isa = PBXFileReference; lastKnownFileType = sourcecode.swift; path = MonthSelector.swift; sourceTree = "<group>"; };
		67D1121D2BADA20800E5CC5C /* ExpenseHistory.swift */ = {isa = PBXFileReference; lastKnownFileType = sourcecode.swift; path = ExpenseHistory.swift; sourceTree = "<group>"; };
		67D1121F2BADA46100E5CC5C /* ExpenseListItems.swift */ = {isa = PBXFileReference; lastKnownFileType = sourcecode.swift; path = ExpenseListItems.swift; sourceTree = "<group>"; };
		67D1E9712BBFF01F0050768F /* SettingsModalContents.swift */ = {isa = PBXFileReference; lastKnownFileType = sourcecode.swift; path = SettingsModalContents.swift; sourceTree = "<group>"; };
		67D1E9732BC00A950050768F /* SpendingListItems.swift */ = {isa = PBXFileReference; lastKnownFileType = sourcecode.swift; path = SpendingListItems.swift; sourceTree = "<group>"; };
		67E036692BB41FD500D5574B /* Item.swift */ = {isa = PBXFileReference; lastKnownFileType = sourcecode.swift; path = Item.swift; sourceTree = "<group>"; };
		67E0366B2BB4202500D5574B /* ItemListViewModel.swift */ = {isa = PBXFileReference; lastKnownFileType = sourcecode.swift; path = ItemListViewModel.swift; sourceTree = "<group>"; };
		67ECE22F2BCFFCC30018D93D /* OptionsContainer.swift */ = {isa = PBXFileReference; lastKnownFileType = sourcecode.swift; path = OptionsContainer.swift; sourceTree = "<group>"; };
/* End PBXFileReference section */

/* Begin PBXFrameworksBuildPhase section */
		67969FB82B91F4FC00220D97 /* Frameworks */ = {
			isa = PBXFrameworksBuildPhase;
			buildActionMask = 2147483647;
			files = (
				67D8FE7C2B9712D700784F2E /* Inject in Frameworks */,
				67D8FE7E2B97145300784F2E /* Inject in Frameworks */,
			);
			runOnlyForDeploymentPostprocessing = 0;
		};
/* End PBXFrameworksBuildPhase section */

/* Begin PBXGroup section */
		671CCF5E2C2F2B510045824D /* Screens */ = {
			isa = PBXGroup;
			children = (
				67D112192BAD9EF300E5CC5C /* Overview.swift */,
				678729C32C346690002E93D0 /* NewTransaction.swift */,
			);
			path = Screens;
			sourceTree = "<group>";
		};
		671CCF5F2C2F2DBF0045824D /* CategoryData */ = {
			isa = PBXGroup;
			children = (
				671CCF602C2F2DDA0045824D /* CategoryModels.swift */,
				671CCF622C2F2F890045824D /* CategoryViewModel.swift */,
			);
			path = CategoryData;
			sourceTree = "<group>";
		};
		67969FB22B91F4FC00220D97 = {
			isa = PBXGroup;
			children = (
				67969FBD2B91F4FC00220D97 /* ExpenseTracker */,
				67969FBC2B91F4FC00220D97 /* Products */,
			);
			sourceTree = "<group>";
		};
		67969FBC2B91F4FC00220D97 /* Products */ = {
			isa = PBXGroup;
			children = (
				67969FBB2B91F4FC00220D97 /* ExpenseTracker.app */,
			);
			name = Products;
			sourceTree = "<group>";
		};
		67969FBD2B91F4FC00220D97 /* ExpenseTracker */ = {
			isa = PBXGroup;
			children = (
				67D1120F2BAD97D600E5CC5C /* Utilities */,
				67D1120D2BAD979400E5CC5C /* Services */,
				67D112082BAD95FA00E5CC5C /* Features */,
				67969FBE2B91F4FC00220D97 /* ExpenseTrackerApp.swift */,
				67969FC02B91F4FC00220D97 /* ContentView.swift */,
				67969FC22B91F4FF00220D97 /* Assets.xcassets */,
				67969FC42B91F4FF00220D97 /* Preview Content */,
			);
			path = ExpenseTracker;
			sourceTree = "<group>";
		};
		67969FC42B91F4FF00220D97 /* Preview Content */ = {
			isa = PBXGroup;
			children = (
				67969FC52B91F4FF00220D97 /* Preview Assets.xcassets */,
			);
			path = "Preview Content";
			sourceTree = "<group>";
		};
		67D112082BAD95FA00E5CC5C /* Features */ = {
			isa = PBXGroup;
			children = (
				67D112122BAD997A00E5CC5C /* Components */,
				67D112092BAD960C00E5CC5C /* Home */,
			);
			path = Features;
			sourceTree = "<group>";
		};
		67D112092BAD960C00E5CC5C /* Home */ = {
			isa = PBXGroup;
			children = (
				671CCF5F2C2F2DBF0045824D /* CategoryData */,
				67D112152BAD9EA400E5CC5C /* Overview */,
			);
			path = Home;
			sourceTree = "<group>";
		};
		67D1120D2BAD979400E5CC5C /* Services */ = {
			isa = PBXGroup;
			children = (
			);
			path = Services;
			sourceTree = "<group>";
		};
		67D1120F2BAD97D600E5CC5C /* Utilities */ = {
			isa = PBXGroup;
			children = (
				67D112102BAD97F400E5CC5C /* Color.swift */,
			);
			path = Utilities;
			sourceTree = "<group>";
		};
		67D112122BAD997A00E5CC5C /* Components */ = {
			isa = PBXGroup;
			children = (
				67D112132BAD999700E5CC5C /* TextWithLabel.swift */,
				67D1121B2BADA11A00E5CC5C /* MonthSelector.swift */,
				67D1121F2BADA46100E5CC5C /* ExpenseListItems.swift */,
				67D1E9732BC00A950050768F /* SpendingListItems.swift */,
				67ECE22F2BCFFCC30018D93D /* OptionsContainer.swift */,
				670515992C2AE3AE0075E73F /* SwitchComponent.swift */,
				6705159B2C2AE5130075E73F /* TransactionListItem.swift */,
				67787E522C2D458C009914AA /* BarChartView.swift */,
				67787E542C2D46D3009914AA /* DonutChart.swift */,
				67787E5A2C2D4EF2009914AA /* SwitchButtons.swift */,
				673D59ED2C2E9F7500E086CD /* CategoriesListItems.swift */,
				671CCF5C2C2F260F0045824D /* FloatingButton.swift */,
			);
			path = Components;
			sourceTree = "<group>";
		};
		67D112152BAD9EA400E5CC5C /* Overview */ = {
			isa = PBXGroup;
			children = (
				671CCF5E2C2F2B510045824D /* Screens */,
				67D112162BAD9EBA00E5CC5C /* Model */,
				67D112182BAD9EC400E5CC5C /* ViewModel */,
				67D112172BAD9EC000E5CC5C /* View */,
			);
			path = Overview;
			sourceTree = "<group>";
		};
		67D112162BAD9EBA00E5CC5C /* Model */ = {
			isa = PBXGroup;
			children = (
				67E036692BB41FD500D5574B /* Item.swift */,
				67787E5C2C2D557F009914AA /* CategoriesModel.swift */,
			);
			path = Model;
			sourceTree = "<group>";
		};
		67D112172BAD9EC000E5CC5C /* View */ = {
			isa = PBXGroup;
			children = (
				67D1121D2BADA20800E5CC5C /* ExpenseHistory.swift */,
				67D1E9712BBFF01F0050768F /* SettingsModalContents.swift */,
				670515952C2ADD9C0075E73F /* SettingsBlocks.swift */,
				674E10CE2C2C4F7B00ECE8A5 /* ListComponent.swift */,
				674E10D02C2C569700ECE8A5 /* CustomBarMark.swift */,
				671A2B1B2C2C7B9A0054BF88 /* ExpenseContainer.swift */,
				67787E562C2D4910009914AA /* DonutChartContainer.swift */,
				67787E602C2D6F8C009914AA /* HeadCategoriesContainer.swift */,
				67787E622C2D6FDC009914AA /* AllCategoriesContainer.swift */,
			);
			path = View;
			sourceTree = "<group>";
		};
		67D112182BAD9EC400E5CC5C /* ViewModel */ = {
			isa = PBXGroup;
			children = (
				67E0366B2BB4202500D5574B /* ItemListViewModel.swift */,
				67787E5E2C2D5841009914AA /* CateogoriesViewModel.swift */,
			);
			path = ViewModel;
			sourceTree = "<group>";
		};
/* End PBXGroup section */

/* Begin PBXNativeTarget section */
		67969FBA2B91F4FC00220D97 /* ExpenseTracker */ = {
			isa = PBXNativeTarget;
			buildConfigurationList = 67969FC92B91F4FF00220D97 /* Build configuration list for PBXNativeTarget "ExpenseTracker" */;
			buildPhases = (
				67969FB72B91F4FC00220D97 /* Sources */,
				67969FB82B91F4FC00220D97 /* Frameworks */,
				67969FB92B91F4FC00220D97 /* Resources */,
			);
			buildRules = (
			);
			dependencies = (
			);
			name = ExpenseTracker;
			packageProductDependencies = (
				67D8FE7B2B9712D700784F2E /* Inject */,
				67D8FE7D2B97145300784F2E /* Inject */,
			);
			productName = ExpenseTracker;
			productReference = 67969FBB2B91F4FC00220D97 /* ExpenseTracker.app */;
			productType = "com.apple.product-type.application";
		};
/* End PBXNativeTarget section */

/* Begin PBXProject section */
		67969FB32B91F4FC00220D97 /* Project object */ = {
			isa = PBXProject;
			attributes = {
				BuildIndependentTargetsInParallel = 1;
				LastSwiftUpdateCheck = 1520;
				LastUpgradeCheck = 1520;
				TargetAttributes = {
					67969FBA2B91F4FC00220D97 = {
						CreatedOnToolsVersion = 15.2;
					};
				};
			};
			buildConfigurationList = 67969FB62B91F4FC00220D97 /* Build configuration list for PBXProject "ExpenseTracker" */;
			compatibilityVersion = "Xcode 14.0";
			developmentRegion = en;
			hasScannedForEncodings = 0;
			knownRegions = (
				en,
				Base,
			);
			mainGroup = 67969FB22B91F4FC00220D97;
			packageReferences = (
				67D8FE7A2B9712D700784F2E /* XCRemoteSwiftPackageReference "Inject" */,
			);
			productRefGroup = 67969FBC2B91F4FC00220D97 /* Products */;
			projectDirPath = "";
			projectRoot = "";
			targets = (
				67969FBA2B91F4FC00220D97 /* ExpenseTracker */,
			);
		};
/* End PBXProject section */

/* Begin PBXResourcesBuildPhase section */
		67969FB92B91F4FC00220D97 /* Resources */ = {
			isa = PBXResourcesBuildPhase;
			buildActionMask = 2147483647;
			files = (
				67969FC62B91F4FF00220D97 /* Preview Assets.xcassets in Resources */,
				67969FC32B91F4FF00220D97 /* Assets.xcassets in Resources */,
			);
			runOnlyForDeploymentPostprocessing = 0;
		};
/* End PBXResourcesBuildPhase section */

/* Begin PBXSourcesBuildPhase section */
		67969FB72B91F4FC00220D97 /* Sources */ = {
			isa = PBXSourcesBuildPhase;
			buildActionMask = 2147483647;
			files = (
				67D1E9742BC00A950050768F /* SpendingListItems.swift in Sources */,
				67D1121E2BADA20800E5CC5C /* ExpenseHistory.swift in Sources */,
				67E0366A2BB41FD500D5574B /* Item.swift in Sources */,
				671CCF612C2F2DDA0045824D /* CategoryModels.swift in Sources */,
				67787E632C2D6FDC009914AA /* AllCategoriesContainer.swift in Sources */,
				671CCF632C2F2F890045824D /* CategoryViewModel.swift in Sources */,
				67787E552C2D46D3009914AA /* DonutChart.swift in Sources */,
				671A2B1C2C2C7B9A0054BF88 /* ExpenseContainer.swift in Sources */,
				67D1121A2BAD9EF300E5CC5C /* Overview.swift in Sources */,
				6705159A2C2AE3AE0075E73F /* SwitchComponent.swift in Sources */,
				674E10D12C2C569700ECE8A5 /* CustomBarMark.swift in Sources */,
				67787E532C2D458C009914AA /* BarChartView.swift in Sources */,
				67787E572C2D4910009914AA /* DonutChartContainer.swift in Sources */,
				6705159C2C2AE5130075E73F /* TransactionListItem.swift in Sources */,
				67787E5F2C2D5841009914AA /* CateogoriesViewModel.swift in Sources */,
				67D1121C2BADA11A00E5CC5C /* MonthSelector.swift in Sources */,
				67787E5B2C2D4EF2009914AA /* SwitchButtons.swift in Sources */,
				67969FC12B91F4FC00220D97 /* ContentView.swift in Sources */,
				670515962C2ADD9C0075E73F /* SettingsBlocks.swift in Sources */,
				67787E5D2C2D557F009914AA /* CategoriesModel.swift in Sources */,
				67969FBF2B91F4FC00220D97 /* ExpenseTrackerApp.swift in Sources */,
				671CCF5D2C2F260F0045824D /* FloatingButton.swift in Sources */,
				67D1E9722BBFF01F0050768F /* SettingsModalContents.swift in Sources */,
				673D59EE2C2E9F7500E086CD /* CategoriesListItems.swift in Sources */,
				67D112112BAD97F400E5CC5C /* Color.swift in Sources */,
				67E0366C2BB4202500D5574B /* ItemListViewModel.swift in Sources */,
				67D112142BAD999700E5CC5C /* TextWithLabel.swift in Sources */,
				674E10CF2C2C4F7B00ECE8A5 /* ListComponent.swift in Sources */,
				67D112202BADA46100E5CC5C /* ExpenseListItems.swift in Sources */,
				67ECE2302BCFFCC30018D93D /* OptionsContainer.swift in Sources */,
				67787E612C2D6F8C009914AA /* HeadCategoriesContainer.swift in Sources */,
				678729C42C346690002E93D0 /* NewTransaction.swift in Sources */,
			);
			runOnlyForDeploymentPostprocessing = 0;
		};
/* End PBXSourcesBuildPhase section */

/* Begin XCBuildConfiguration section */
		67969FC72B91F4FF00220D97 /* Debug */ = {
			isa = XCBuildConfiguration;
			buildSettings = {
				ALWAYS_SEARCH_USER_PATHS = NO;
				ASSETCATALOG_COMPILER_GENERATE_SWIFT_ASSET_SYMBOL_EXTENSIONS = YES;
				CLANG_ANALYZER_NONNULL = YES;
				CLANG_ANALYZER_NUMBER_OBJECT_CONVERSION = YES_AGGRESSIVE;
				CLANG_CXX_LANGUAGE_STANDARD = "gnu++20";
				CLANG_ENABLE_MODULES = YES;
				CLANG_ENABLE_OBJC_ARC = YES;
				CLANG_ENABLE_OBJC_WEAK = YES;
				CLANG_WARN_BLOCK_CAPTURE_AUTORELEASING = YES;
				CLANG_WARN_BOOL_CONVERSION = YES;
				CLANG_WARN_COMMA = YES;
				CLANG_WARN_CONSTANT_CONVERSION = YES;
				CLANG_WARN_DEPRECATED_OBJC_IMPLEMENTATIONS = YES;
				CLANG_WARN_DIRECT_OBJC_ISA_USAGE = YES_ERROR;
				CLANG_WARN_DOCUMENTATION_COMMENTS = YES;
				CLANG_WARN_EMPTY_BODY = YES;
				CLANG_WARN_ENUM_CONVERSION = YES;
				CLANG_WARN_INFINITE_RECURSION = YES;
				CLANG_WARN_INT_CONVERSION = YES;
				CLANG_WARN_NON_LITERAL_NULL_CONVERSION = YES;
				CLANG_WARN_OBJC_IMPLICIT_RETAIN_SELF = YES;
				CLANG_WARN_OBJC_LITERAL_CONVERSION = YES;
				CLANG_WARN_OBJC_ROOT_CLASS = YES_ERROR;
				CLANG_WARN_QUOTED_INCLUDE_IN_FRAMEWORK_HEADER = YES;
				CLANG_WARN_RANGE_LOOP_ANALYSIS = YES;
				CLANG_WARN_STRICT_PROTOTYPES = YES;
				CLANG_WARN_SUSPICIOUS_MOVE = YES;
				CLANG_WARN_UNGUARDED_AVAILABILITY = YES_AGGRESSIVE;
				CLANG_WARN_UNREACHABLE_CODE = YES;
				CLANG_WARN__DUPLICATE_METHOD_MATCH = YES;
				COPY_PHASE_STRIP = NO;
				DEBUG_INFORMATION_FORMAT = dwarf;
				ENABLE_STRICT_OBJC_MSGSEND = YES;
				ENABLE_TESTABILITY = YES;
				ENABLE_USER_SCRIPT_SANDBOXING = YES;
				GCC_C_LANGUAGE_STANDARD = gnu17;
				GCC_DYNAMIC_NO_PIC = NO;
				GCC_NO_COMMON_BLOCKS = YES;
				GCC_OPTIMIZATION_LEVEL = 0;
				GCC_PREPROCESSOR_DEFINITIONS = (
					"DEBUG=1",
					"$(inherited)",
				);
				GCC_WARN_64_TO_32_BIT_CONVERSION = YES;
				GCC_WARN_ABOUT_RETURN_TYPE = YES_ERROR;
				GCC_WARN_UNDECLARED_SELECTOR = YES;
				GCC_WARN_UNINITIALIZED_AUTOS = YES_AGGRESSIVE;
				GCC_WARN_UNUSED_FUNCTION = YES;
				GCC_WARN_UNUSED_VARIABLE = YES;
				IPHONEOS_DEPLOYMENT_TARGET = 17.2;
				LOCALIZATION_PREFERS_STRING_CATALOGS = YES;
				MTL_ENABLE_DEBUG_INFO = INCLUDE_SOURCE;
				MTL_FAST_MATH = YES;
				ONLY_ACTIVE_ARCH = YES;
				OTHER_LDFLAGS = (
					"-Xlinker",
					"-interposable",
				);
				SDKROOT = iphoneos;
				SWIFT_ACTIVE_COMPILATION_CONDITIONS = "DEBUG $(inherited)";
				SWIFT_OPTIMIZATION_LEVEL = "-Onone";
			};
			name = Debug;
		};
		67969FC82B91F4FF00220D97 /* Release */ = {
			isa = XCBuildConfiguration;
			buildSettings = {
				ALWAYS_SEARCH_USER_PATHS = NO;
				ASSETCATALOG_COMPILER_GENERATE_SWIFT_ASSET_SYMBOL_EXTENSIONS = YES;
				CLANG_ANALYZER_NONNULL = YES;
				CLANG_ANALYZER_NUMBER_OBJECT_CONVERSION = YES_AGGRESSIVE;
				CLANG_CXX_LANGUAGE_STANDARD = "gnu++20";
				CLANG_ENABLE_MODULES = YES;
				CLANG_ENABLE_OBJC_ARC = YES;
				CLANG_ENABLE_OBJC_WEAK = YES;
				CLANG_WARN_BLOCK_CAPTURE_AUTORELEASING = YES;
				CLANG_WARN_BOOL_CONVERSION = YES;
				CLANG_WARN_COMMA = YES;
				CLANG_WARN_CONSTANT_CONVERSION = YES;
				CLANG_WARN_DEPRECATED_OBJC_IMPLEMENTATIONS = YES;
				CLANG_WARN_DIRECT_OBJC_ISA_USAGE = YES_ERROR;
				CLANG_WARN_DOCUMENTATION_COMMENTS = YES;
				CLANG_WARN_EMPTY_BODY = YES;
				CLANG_WARN_ENUM_CONVERSION = YES;
				CLANG_WARN_INFINITE_RECURSION = YES;
				CLANG_WARN_INT_CONVERSION = YES;
				CLANG_WARN_NON_LITERAL_NULL_CONVERSION = YES;
				CLANG_WARN_OBJC_IMPLICIT_RETAIN_SELF = YES;
				CLANG_WARN_OBJC_LITERAL_CONVERSION = YES;
				CLANG_WARN_OBJC_ROOT_CLASS = YES_ERROR;
				CLANG_WARN_QUOTED_INCLUDE_IN_FRAMEWORK_HEADER = YES;
				CLANG_WARN_RANGE_LOOP_ANALYSIS = YES;
				CLANG_WARN_STRICT_PROTOTYPES = YES;
				CLANG_WARN_SUSPICIOUS_MOVE = YES;
				CLANG_WARN_UNGUARDED_AVAILABILITY = YES_AGGRESSIVE;
				CLANG_WARN_UNREACHABLE_CODE = YES;
				CLANG_WARN__DUPLICATE_METHOD_MATCH = YES;
				COPY_PHASE_STRIP = NO;
				DEBUG_INFORMATION_FORMAT = "dwarf-with-dsym";
				ENABLE_NS_ASSERTIONS = NO;
				ENABLE_STRICT_OBJC_MSGSEND = YES;
				ENABLE_USER_SCRIPT_SANDBOXING = YES;
				GCC_C_LANGUAGE_STANDARD = gnu17;
				GCC_NO_COMMON_BLOCKS = YES;
				GCC_WARN_64_TO_32_BIT_CONVERSION = YES;
				GCC_WARN_ABOUT_RETURN_TYPE = YES_ERROR;
				GCC_WARN_UNDECLARED_SELECTOR = YES;
				GCC_WARN_UNINITIALIZED_AUTOS = YES_AGGRESSIVE;
				GCC_WARN_UNUSED_FUNCTION = YES;
				GCC_WARN_UNUSED_VARIABLE = YES;
				IPHONEOS_DEPLOYMENT_TARGET = 17.2;
				LOCALIZATION_PREFERS_STRING_CATALOGS = YES;
				MTL_ENABLE_DEBUG_INFO = NO;
				MTL_FAST_MATH = YES;
				OTHER_LDFLAGS = "";
				SDKROOT = iphoneos;
				SWIFT_COMPILATION_MODE = wholemodule;
				VALIDATE_PRODUCT = YES;
			};
			name = Release;
		};
		67969FCA2B91F4FF00220D97 /* Debug */ = {
			isa = XCBuildConfiguration;
			buildSettings = {
				ASSETCATALOG_COMPILER_APPICON_NAME = AppIcon;
				ASSETCATALOG_COMPILER_GLOBAL_ACCENT_COLOR_NAME = AccentColor;
				CODE_SIGN_STYLE = Automatic;
				CURRENT_PROJECT_VERSION = 1;
				DEVELOPMENT_ASSET_PATHS = "\"ExpenseTracker/Preview Content\"";
				ENABLE_PREVIEWS = YES;
				GENERATE_INFOPLIST_FILE = YES;
				INFOPLIST_KEY_UIApplicationSceneManifest_Generation = YES;
				INFOPLIST_KEY_UIApplicationSupportsIndirectInputEvents = YES;
				INFOPLIST_KEY_UILaunchScreen_Generation = YES;
				INFOPLIST_KEY_UISupportedInterfaceOrientations_iPad = "UIInterfaceOrientationPortrait UIInterfaceOrientationPortraitUpsideDown UIInterfaceOrientationLandscapeLeft UIInterfaceOrientationLandscapeRight";
				INFOPLIST_KEY_UISupportedInterfaceOrientations_iPhone = "UIInterfaceOrientationPortrait UIInterfaceOrientationLandscapeLeft UIInterfaceOrientationLandscapeRight";
				LD_RUNPATH_SEARCH_PATHS = (
					"$(inherited)",
					"@executable_path/Frameworks",
				);
				MARKETING_VERSION = 1.0;
				OTHER_LDFLAGS = (
					"-Xlinker",
					"-interposable",
				);
				PRODUCT_BUNDLE_IDENTIFIER = com.ExpenseTracker;
				PRODUCT_NAME = "$(TARGET_NAME)";
				SWIFT_EMIT_LOC_STRINGS = YES;
				SWIFT_VERSION = 5.0;
				TARGETED_DEVICE_FAMILY = "1,2";
			};
			name = Debug;
		};
		67969FCB2B91F4FF00220D97 /* Release */ = {
			isa = XCBuildConfiguration;
			buildSettings = {
				ASSETCATALOG_COMPILER_APPICON_NAME = AppIcon;
				ASSETCATALOG_COMPILER_GLOBAL_ACCENT_COLOR_NAME = AccentColor;
				CODE_SIGN_STYLE = Automatic;
				CURRENT_PROJECT_VERSION = 1;
				DEVELOPMENT_ASSET_PATHS = "\"ExpenseTracker/Preview Content\"";
				ENABLE_PREVIEWS = YES;
				GENERATE_INFOPLIST_FILE = YES;
				INFOPLIST_KEY_UIApplicationSceneManifest_Generation = YES;
				INFOPLIST_KEY_UIApplicationSupportsIndirectInputEvents = YES;
				INFOPLIST_KEY_UILaunchScreen_Generation = YES;
				INFOPLIST_KEY_UISupportedInterfaceOrientations_iPad = "UIInterfaceOrientationPortrait UIInterfaceOrientationPortraitUpsideDown UIInterfaceOrientationLandscapeLeft UIInterfaceOrientationLandscapeRight";
				INFOPLIST_KEY_UISupportedInterfaceOrientations_iPhone = "UIInterfaceOrientationPortrait UIInterfaceOrientationLandscapeLeft UIInterfaceOrientationLandscapeRight";
				LD_RUNPATH_SEARCH_PATHS = (
					"$(inherited)",
					"@executable_path/Frameworks",
				);
				MARKETING_VERSION = 1.0;
				OTHER_LDFLAGS = "";
				PRODUCT_BUNDLE_IDENTIFIER = com.ExpenseTracker;
				PRODUCT_NAME = "$(TARGET_NAME)";
				SWIFT_EMIT_LOC_STRINGS = YES;
				SWIFT_VERSION = 5.0;
				TARGETED_DEVICE_FAMILY = "1,2";
			};
			name = Release;
		};
/* End XCBuildConfiguration section */

/* Begin XCConfigurationList section */
		67969FB62B91F4FC00220D97 /* Build configuration list for PBXProject "ExpenseTracker" */ = {
			isa = XCConfigurationList;
			buildConfigurations = (
				67969FC72B91F4FF00220D97 /* Debug */,
				67969FC82B91F4FF00220D97 /* Release */,
			);
			defaultConfigurationIsVisible = 0;
			defaultConfigurationName = Release;
		};
		67969FC92B91F4FF00220D97 /* Build configuration list for PBXNativeTarget "ExpenseTracker" */ = {
			isa = XCConfigurationList;
			buildConfigurations = (
				67969FCA2B91F4FF00220D97 /* Debug */,
				67969FCB2B91F4FF00220D97 /* Release */,
			);
			defaultConfigurationIsVisible = 0;
			defaultConfigurationName = Release;
		};
/* End XCConfigurationList section */

/* Begin XCRemoteSwiftPackageReference section */
		67D8FE7A2B9712D700784F2E /* XCRemoteSwiftPackageReference "Inject" */ = {
			isa = XCRemoteSwiftPackageReference;
			repositoryURL = "https://github.com/krzysztofzablocki/Inject.git";
			requirement = {
				kind = upToNextMajorVersion;
				minimumVersion = 1.3.0;
			};
		};
/* End XCRemoteSwiftPackageReference section */

/* Begin XCSwiftPackageProductDependency section */
		67D8FE7B2B9712D700784F2E /* Inject */ = {
			isa = XCSwiftPackageProductDependency;
			package = 67D8FE7A2B9712D700784F2E /* XCRemoteSwiftPackageReference "Inject" */;
			productName = Inject;
		};
		67D8FE7D2B97145300784F2E /* Inject */ = {
			isa = XCSwiftPackageProductDependency;
			package = 67D8FE7A2B9712D700784F2E /* XCRemoteSwiftPackageReference "Inject" */;
			productName = Inject;
		};
/* End XCSwiftPackageProductDependency section */
	};
	rootObject = 67969FB32B91F4FC00220D97 /* Project object */;
}
